
Microsoft Visual Studio Solution File, Format Version 12.00
# Visual Studio Version 16
VisualStudioVersion = 16.0.32002.261
MinimumVisualStudioVersion = 10.0.40219.1
Project("{FAE04EC0-301F-11D3-BF4B-00C04F79EFBC}") = "CopyFile", "CopyFile\CopyFile.csproj", "{17544029-C26A-47D9-917D-B2D43DC87AB1}"
EndProject
Global
	GlobalSection(SolutionConfigurationPlatforms) = preSolution
		Debug|Any CPU = Debug|Any CPU
		Release|Any CPU = Release|Any CPU
	EndGlobalSection
	GlobalSection(ProjectConfigurationPlatforms) = postSolution
		{17544029-C26A-47D9-917D-B2D43DC87AB1}.Debug|Any CPU.ActiveCfg = Debug|Any CPU
		{17544029-C26A-47D9-917D-B2D43DC87AB1}.Debug|Any CPU.Build.0 = Debug|Any CPU
		{17544029-C26A-47D9-917D-B2D43DC87AB1}.Release|Any CPU.ActiveCfg = Release|Any CPU
		{17544029-C26A-47D9-917D-B2D43DC87AB1}.Release|Any CPU.Build.0 = Release|Any CPU
	EndGlobalSection
	GlobalSection(SolutionProperties) = preSolution
		HideSolutionNode = FALSE
	EndGlobalSection
	GlobalSection(ExtensibilityGlobals) = postSolution
		SolutionGuid = {6D5405AA-6463-44E0-A80C-E3580CD6F49C}
	EndGlobalSection
EndGlobal
